// !$*UTF8*$!
{
	archiveVersion = 1;
	classes = {
	};
	objectVersion = 55;
	objects = {

/* Begin PBXBuildFile section */
		662D3639272AA3F9000C6E9F /* LoginIOSMacApp.swift in Sources */ = {isa = PBXBuildFile; fileRef = 662D3629272AA3C6000C6E9F /* LoginIOSMacApp.swift */; };
		662D363A272AA3F9000C6E9F /* LoginIOSMacApp.swift in Sources */ = {isa = PBXBuildFile; fileRef = 662D3629272AA3C6000C6E9F /* LoginIOSMacApp.swift */; };
		662D363B272AA3F9000C6E9F /* ContentView.swift in Sources */ = {isa = PBXBuildFile; fileRef = 662D362A272AA3C6000C6E9F /* ContentView.swift */; };
		662D363D272AA3F9000C6E9F /* Assets.xcassets in Resources */ = {isa = PBXBuildFile; fileRef = 662D362B272AA3F9000C6E9F /* Assets.xcassets */; };
		662D363E272AA3F9000C6E9F /* Assets.xcassets in Resources */ = {isa = PBXBuildFile; fileRef = 662D362B272AA3F9000C6E9F /* Assets.xcassets */; };
		6637A8D027427D3400447D94 /* ProfileInfo.swift in Sources */ = {isa = PBXBuildFile; fileRef = 6637A8CF27427D3400447D94 /* ProfileInfo.swift */; };
		6637A8D72742A61700447D94 /* ImagePicker.swift in Sources */ = {isa = PBXBuildFile; fileRef = 6637A8D62742A61700447D94 /* ImagePicker.swift */; };
		6637A8DA2742B03500447D94 /* FirebaseStorage in Frameworks */ = {isa = PBXBuildFile; productRef = 6637A8D92742B03500447D94 /* FirebaseStorage */; };
		6637A8DC2742B03E00447D94 /* FirebaseStorage in Frameworks */ = {isa = PBXBuildFile; productRef = 6637A8DB2742B03E00447D94 /* FirebaseStorage */; };
		66442558273E5E1F009202D3 /* CopyrightModifier.swift in Sources */ = {isa = PBXBuildFile; fileRef = 66442557273E5E1F009202D3 /* CopyrightModifier.swift */; };
		665C8965273308B500E15609 /* LoadingView.swift in Sources */ = {isa = PBXBuildFile; fileRef = 665C8964273308B500E15609 /* LoadingView.swift */; };
		665C8966273308B500E15609 /* LoadingView.swift in Sources */ = {isa = PBXBuildFile; fileRef = 665C8964273308B500E15609 /* LoadingView.swift */; };
		667713E2272AA88D00740BE9 /* LoginViewModel.swift in Sources */ = {isa = PBXBuildFile; fileRef = 667713E1272AA88D00740BE9 /* LoginViewModel.swift */; };
		667713E4272AA8A700740BE9 /* Welcome.swift in Sources */ = {isa = PBXBuildFile; fileRef = 667713E3272AA8A700740BE9 /* Welcome.swift */; };
		667713E9272AAAB300740BE9 /* LoginViewModifier.swift in Sources */ = {isa = PBXBuildFile; fileRef = 667713E8272AAAB300740BE9 /* LoginViewModifier.swift */; };
		667713EB272AAAEA00740BE9 /* Register.swift in Sources */ = {isa = PBXBuildFile; fileRef = 667713EA272AAAEA00740BE9 /* Register.swift */; };
		667713ED272AAB2E00740BE9 /* Login.swift in Sources */ = {isa = PBXBuildFile; fileRef = 667713EC272AAB2E00740BE9 /* Login.swift */; };
		6682852827415F5A0097D634 /* DashboardView.swift in Sources */ = {isa = PBXBuildFile; fileRef = 6682852727415F5A0097D634 /* DashboardView.swift */; };
		6682852B27415FBE0097D634 /* CartView.swift in Sources */ = {isa = PBXBuildFile; fileRef = 6682852A27415FBE0097D634 /* CartView.swift */; };
		66828531274160040097D634 /* iOSMenuView.swift in Sources */ = {isa = PBXBuildFile; fileRef = 66828530274160040097D634 /* iOSMenuView.swift */; };
		6686814B273FE27700EF572C /* PhoneView.swift in Sources */ = {isa = PBXBuildFile; fileRef = 6686814A273FE27700EF572C /* PhoneView.swift */; };
		6686814D273FE28C00EF572C /* PadView.swift in Sources */ = {isa = PBXBuildFile; fileRef = 6686814C273FE28C00EF572C /* PadView.swift */; };
		66868155273FF94400EF572C /* SettingsView.swift in Sources */ = {isa = PBXBuildFile; fileRef = 66868154273FF94400EF572C /* SettingsView.swift */; };
		668681582740035800EF572C /* FormRowLinkView.swift in Sources */ = {isa = PBXBuildFile; fileRef = 668681572740035800EF572C /* FormRowLinkView.swift */; };
		6686815B274003A200EF572C /* FormRowStaticView.swift in Sources */ = {isa = PBXBuildFile; fileRef = 6686815A274003A200EF572C /* FormRowStaticView.swift */; };
		66BF4207272C34F0000F63F5 /* LoginViewModel.swift in Sources */ = {isa = PBXBuildFile; fileRef = 667713E1272AA88D00740BE9 /* LoginViewModel.swift */; };
		66BF4208272C34FE000F63F5 /* Welcome.swift in Sources */ = {isa = PBXBuildFile; fileRef = 667713E3272AA8A700740BE9 /* Welcome.swift */; };
		66BF4209272C3501000F63F5 /* Login.swift in Sources */ = {isa = PBXBuildFile; fileRef = 667713EC272AAB2E00740BE9 /* Login.swift */; };
		66BF420A272C3503000F63F5 /* Register.swift in Sources */ = {isa = PBXBuildFile; fileRef = 667713EA272AAAEA00740BE9 /* Register.swift */; };
		66BF420B272C3505000F63F5 /* LoginViewModifier.swift in Sources */ = {isa = PBXBuildFile; fileRef = 667713E8272AAAB300740BE9 /* LoginViewModifier.swift */; };
		66BF4211272C524D000F63F5 /* SideLoginView.swift in Sources */ = {isa = PBXBuildFile; fileRef = 66BF4210272C524D000F63F5 /* SideLoginView.swift */; };
		66BF4212272C524D000F63F5 /* SideLoginView.swift in Sources */ = {isa = PBXBuildFile; fileRef = 66BF4210272C524D000F63F5 /* SideLoginView.swift */; };
		66DAA5C22737E67B006F6728 /* FirebaseAuth in Frameworks */ = {isa = PBXBuildFile; productRef = 66DAA5C12737E67B006F6728 /* FirebaseAuth */; };
		66DAA5C72737E9AE006F6728 /* GoogleService-Info.plist in Resources */ = {isa = PBXBuildFile; fileRef = 66DAA5C62737E9AE006F6728 /* GoogleService-Info.plist */; };
		66DAA5C82737E9AE006F6728 /* GoogleService-Info.plist in Resources */ = {isa = PBXBuildFile; fileRef = 66DAA5C62737E9AE006F6728 /* GoogleService-Info.plist */; };
		66DAA5CA2737F211006F6728 /* FirebaseAuth in Frameworks */ = {isa = PBXBuildFile; productRef = 66DAA5C92737F211006F6728 /* FirebaseAuth */; };
		66FBF17D2743A47D00B4D23B /* MacView.swift in Sources */ = {isa = PBXBuildFile; fileRef = 66FBF17C2743A47D00B4D23B /* MacView.swift */; };
		66FBF17E2743A72200B4D23B /* ContentView.swift in Sources */ = {isa = PBXBuildFile; fileRef = 662D362A272AA3C6000C6E9F /* ContentView.swift */; };
		66FBF17F2743AFE400B4D23B /* DashboardView.swift in Sources */ = {isa = PBXBuildFile; fileRef = 6682852727415F5A0097D634 /* DashboardView.swift */; };
		66FBF1832743BA3600B4D23B /* OrdersCartViewModel.swift in Sources */ = {isa = PBXBuildFile; fileRef = 66FBF1822743BA3600B4D23B /* OrdersCartViewModel.swift */; };
		66FBF1842743BA3B00B4D23B /* ItemsView.swift in Sources */ = {isa = PBXBuildFile; fileRef = 66FBF1802743BA1500B4D23B /* ItemsView.swift */; };
		66FBF1862743BA8500B4D23B /* OrdersItem.swift in Sources */ = {isa = PBXBuildFile; fileRef = 66FBF1852743BA8500B4D23B /* OrdersItem.swift */; };
		66FBF1882743C10000B4D23B /* FirebaseFirestore in Frameworks */ = {isa = PBXBuildFile; productRef = 66FBF1872743C10000B4D23B /* FirebaseFirestore */; };
		66FBF18A2743C10F00B4D23B /* FirebaseFirestoreSwift-Beta in Frameworks */ = {isa = PBXBuildFile; productRef = 66FBF1892743C10F00B4D23B /* FirebaseFirestoreSwift-Beta */; };
		66FBF18D2743C1BE00B4D23B /* MenuRepository.swift in Sources */ = {isa = PBXBuildFile; fileRef = 66FBF18C2743C1BE00B4D23B /* MenuRepository.swift */; };
		66FBF18F2743C28600B4D23B /* MenuListViewModel.swift in Sources */ = {isa = PBXBuildFile; fileRef = 66FBF18E2743C28600B4D23B /* MenuListViewModel.swift */; };
		66FBF1912743C2AD00B4D23B /* Menu.swift in Sources */ = {isa = PBXBuildFile; fileRef = 66FBF1902743C2AD00B4D23B /* Menu.swift */; };
		66FBF1932743C2CC00B4D23B /* MenuViewModel.swift in Sources */ = {isa = PBXBuildFile; fileRef = 66FBF1922743C2CC00B4D23B /* MenuViewModel.swift */; };
		66FBF1952743C2F100B4D23B /* MenuListView.swift in Sources */ = {isa = PBXBuildFile; fileRef = 66FBF1942743C2F100B4D23B /* MenuListView.swift */; };
		66FBF1972743C37500B4D23B /* MenuView.swift in Sources */ = {isa = PBXBuildFile; fileRef = 66FBF1962743C37500B4D23B /* MenuView.swift */; };
		66FBF1992743C38600B4D23B /* FormView.swift in Sources */ = {isa = PBXBuildFile; fileRef = 66FBF1982743C38600B4D23B /* FormView.swift */; };
		66FBF19B2743D7BB00B4D23B /* NFC.swift in Sources */ = {isa = PBXBuildFile; fileRef = 66FBF19A2743D7BB00B4D23B /* NFC.swift */; };
/* End PBXBuildFile section */

/* Begin PBXFileReference section */
		662D3629272AA3C6000C6E9F /* LoginIOSMacApp.swift */ = {isa = PBXFileReference; lastKnownFileType = sourcecode.swift; path = LoginIOSMacApp.swift; sourceTree = "<group>"; };
		662D362A272AA3C6000C6E9F /* ContentView.swift */ = {isa = PBXFileReference; lastKnownFileType = sourcecode.swift; path = ContentView.swift; sourceTree = "<group>"; };
		662D362B272AA3F9000C6E9F /* Assets.xcassets */ = {isa = PBXFileReference; lastKnownFileType = folder.assetcatalog; path = Assets.xcassets; sourceTree = "<group>"; };
		662D3630272AA3F9000C6E9F /* LoginIOSMac.app */ = {isa = PBXFileReference; explicitFileType = wrapper.application; includeInIndex = 0; path = LoginIOSMac.app; sourceTree = BUILT_PRODUCTS_DIR; };
		662D3636272AA3F9000C6E9F /* LoginIOSMac.app */ = {isa = PBXFileReference; explicitFileType = wrapper.application; includeInIndex = 0; path = LoginIOSMac.app; sourceTree = BUILT_PRODUCTS_DIR; };
		662D3638272AA3F9000C6E9F /* macOS.entitlements */ = {isa = PBXFileReference; lastKnownFileType = text.plist.entitlements; path = macOS.entitlements; sourceTree = "<group>"; };
		6637A8CF27427D3400447D94 /* ProfileInfo.swift */ = {isa = PBXFileReference; lastKnownFileType = sourcecode.swift; path = ProfileInfo.swift; sourceTree = "<group>"; };
		6637A8D62742A61700447D94 /* ImagePicker.swift */ = {isa = PBXFileReference; lastKnownFileType = sourcecode.swift; path = ImagePicker.swift; sourceTree = "<group>"; };
		66442557273E5E1F009202D3 /* CopyrightModifier.swift */ = {isa = PBXFileReference; lastKnownFileType = sourcecode.swift; path = CopyrightModifier.swift; sourceTree = "<group>"; };
		665C8964273308B500E15609 /* LoadingView.swift */ = {isa = PBXFileReference; lastKnownFileType = sourcecode.swift; path = LoadingView.swift; sourceTree = "<group>"; };
		667713E1272AA88D00740BE9 /* LoginViewModel.swift */ = {isa = PBXFileReference; lastKnownFileType = sourcecode.swift; path = LoginViewModel.swift; sourceTree = "<group>"; };
		667713E3272AA8A700740BE9 /* Welcome.swift */ = {isa = PBXFileReference; lastKnownFileType = sourcecode.swift; path = Welcome.swift; sourceTree = "<group>"; };
		667713E8272AAAB300740BE9 /* LoginViewModifier.swift */ = {isa = PBXFileReference; lastKnownFileType = sourcecode.swift; path = LoginViewModifier.swift; sourceTree = "<group>"; };
		667713EA272AAAEA00740BE9 /* Register.swift */ = {isa = PBXFileReference; lastKnownFileType = sourcecode.swift; path = Register.swift; sourceTree = "<group>"; };
		667713EC272AAB2E00740BE9 /* Login.swift */ = {isa = PBXFileReference; lastKnownFileType = sourcecode.swift; path = Login.swift; sourceTree = "<group>"; };
		6682852727415F5A0097D634 /* DashboardView.swift */ = {isa = PBXFileReference; lastKnownFileType = sourcecode.swift; path = DashboardView.swift; sourceTree = "<group>"; };
		6682852A27415FBE0097D634 /* CartView.swift */ = {isa = PBXFileReference; lastKnownFileType = sourcecode.swift; path = CartView.swift; sourceTree = "<group>"; };
		66828530274160040097D634 /* iOSMenuView.swift */ = {isa = PBXFileReference; lastKnownFileType = sourcecode.swift; path = iOSMenuView.swift; sourceTree = "<group>"; };
		6686814A273FE27700EF572C /* PhoneView.swift */ = {isa = PBXFileReference; lastKnownFileType = sourcecode.swift; path = PhoneView.swift; sourceTree = "<group>"; };
		6686814C273FE28C00EF572C /* PadView.swift */ = {isa = PBXFileReference; lastKnownFileType = sourcecode.swift; path = PadView.swift; sourceTree = "<group>"; };
		66868154273FF94400EF572C /* SettingsView.swift */ = {isa = PBXFileReference; lastKnownFileType = sourcecode.swift; path = SettingsView.swift; sourceTree = "<group>"; };
		668681572740035800EF572C /* FormRowLinkView.swift */ = {isa = PBXFileReference; lastKnownFileType = sourcecode.swift; path = FormRowLinkView.swift; sourceTree = "<group>"; };
		6686815A274003A200EF572C /* FormRowStaticView.swift */ = {isa = PBXFileReference; lastKnownFileType = sourcecode.swift; path = FormRowStaticView.swift; sourceTree = "<group>"; };
		66BF4210272C524D000F63F5 /* SideLoginView.swift */ = {isa = PBXFileReference; lastKnownFileType = sourcecode.swift; path = SideLoginView.swift; sourceTree = "<group>"; };
		66DAA5C62737E9AE006F6728 /* GoogleService-Info.plist */ = {isa = PBXFileReference; fileEncoding = 4; lastKnownFileType = text.plist.xml; name = "GoogleService-Info.plist"; path = "../../Downloads/GoogleService-Info.plist"; sourceTree = "<group>"; };
		66DAA5CB2737F510006F6728 /* LoginIOSMac (iOS).entitlements */ = {isa = PBXFileReference; lastKnownFileType = text.plist.entitlements; path = "LoginIOSMac (iOS).entitlements"; sourceTree = "<group>"; };
		66FBF17C2743A47D00B4D23B /* MacView.swift */ = {isa = PBXFileReference; lastKnownFileType = sourcecode.swift; path = MacView.swift; sourceTree = "<group>"; };
		66FBF1802743BA1500B4D23B /* ItemsView.swift */ = {isa = PBXFileReference; lastKnownFileType = sourcecode.swift; path = ItemsView.swift; sourceTree = "<group>"; };
		66FBF1822743BA3600B4D23B /* OrdersCartViewModel.swift */ = {isa = PBXFileReference; lastKnownFileType = sourcecode.swift; path = OrdersCartViewModel.swift; sourceTree = "<group>"; };
		66FBF1852743BA8500B4D23B /* OrdersItem.swift */ = {isa = PBXFileReference; lastKnownFileType = sourcecode.swift; path = OrdersItem.swift; sourceTree = "<group>"; };
		66FBF18C2743C1BE00B4D23B /* MenuRepository.swift */ = {isa = PBXFileReference; lastKnownFileType = sourcecode.swift; path = MenuRepository.swift; sourceTree = "<group>"; };
		66FBF18E2743C28600B4D23B /* MenuListViewModel.swift */ = {isa = PBXFileReference; lastKnownFileType = sourcecode.swift; path = MenuListViewModel.swift; sourceTree = "<group>"; };
		66FBF1902743C2AD00B4D23B /* Menu.swift */ = {isa = PBXFileReference; lastKnownFileType = sourcecode.swift; path = Menu.swift; sourceTree = "<group>"; };
		66FBF1922743C2CC00B4D23B /* MenuViewModel.swift */ = {isa = PBXFileReference; lastKnownFileType = sourcecode.swift; path = MenuViewModel.swift; sourceTree = "<group>"; };
		66FBF1942743C2F100B4D23B /* MenuListView.swift */ = {isa = PBXFileReference; lastKnownFileType = sourcecode.swift; path = MenuListView.swift; sourceTree = "<group>"; };
		66FBF1962743C37500B4D23B /* MenuView.swift */ = {isa = PBXFileReference; lastKnownFileType = sourcecode.swift; path = MenuView.swift; sourceTree = "<group>"; };
		66FBF1982743C38600B4D23B /* FormView.swift */ = {isa = PBXFileReference; lastKnownFileType = sourcecode.swift; path = FormView.swift; sourceTree = "<group>"; };
		66FBF19A2743D7BB00B4D23B /* NFC.swift */ = {isa = PBXFileReference; lastKnownFileType = sourcecode.swift; path = NFC.swift; sourceTree = "<group>"; };
/* End PBXFileReference section */

/* Begin PBXFrameworksBuildPhase section */
		662D362D272AA3F9000C6E9F /* Frameworks */ = {
			isa = PBXFrameworksBuildPhase;
			buildActionMask = 2147483647;
			files = (
				66DAA5C22737E67B006F6728 /* FirebaseAuth in Frameworks */,
				66FBF18A2743C10F00B4D23B /* FirebaseFirestoreSwift-Beta in Frameworks */,
				6637A8DA2742B03500447D94 /* FirebaseStorage in Frameworks */,
				66FBF1882743C10000B4D23B /* FirebaseFirestore in Frameworks */,
			);
			runOnlyForDeploymentPostprocessing = 0;
		};
		662D3633272AA3F9000C6E9F /* Frameworks */ = {
			isa = PBXFrameworksBuildPhase;
			buildActionMask = 2147483647;
			files = (
				66DAA5CA2737F211006F6728 /* FirebaseAuth in Frameworks */,
				6637A8DC2742B03E00447D94 /* FirebaseStorage in Frameworks */,
			);
			runOnlyForDeploymentPostprocessing = 0;
		};
/* End PBXFrameworksBuildPhase section */

/* Begin PBXGroup section */
		662D3623272AA3C1000C6E9F = {
			isa = PBXGroup;
			children = (
				66DAA5CB2737F510006F6728 /* LoginIOSMac (iOS).entitlements */,
				66DAA5C62737E9AE006F6728 /* GoogleService-Info.plist */,
				662D3628272AA3C1000C6E9F /* Shared */,
				66FBF18B2743C1A200B4D23B /* Repository */,
				662D362B272AA3F9000C6E9F /* Assets.xcassets */,
				662D3637272AA3F9000C6E9F /* macOS */,
				662D3631272AA3F9000C6E9F /* Products */,
				665C89672733095500E15609 /* Frameworks */,
			);
			sourceTree = "<group>";
		};
		662D3628272AA3C1000C6E9F /* Shared */ = {
			isa = PBXGroup;
			children = (
				662D3629272AA3C6000C6E9F /* LoginIOSMacApp.swift */,
				6686815D274003B300EF572C /* Model */,
				667713DF272AA7A500740BE9 /* View */,
				667713DE272AA78700740BE9 /* ViewModel */,
			);
			path = Shared;
			sourceTree = "<group>";
		};
		662D3631272AA3F9000C6E9F /* Products */ = {
			isa = PBXGroup;
			children = (
				662D3630272AA3F9000C6E9F /* LoginIOSMac.app */,
				662D3636272AA3F9000C6E9F /* LoginIOSMac.app */,
			);
			name = Products;
			sourceTree = "<group>";
		};
		662D3637272AA3F9000C6E9F /* macOS */ = {
			isa = PBXGroup;
			children = (
				662D3638272AA3F9000C6E9F /* macOS.entitlements */,
			);
			path = macOS;
			sourceTree = "<group>";
		};
		6649F089273034970012808A /* Utilities */ = {
			isa = PBXGroup;
			children = (
				665C8964273308B500E15609 /* LoadingView.swift */,
				6637A8D62742A61700447D94 /* ImagePicker.swift */,
				66FBF19A2743D7BB00B4D23B /* NFC.swift */,
			);
			path = Utilities;
			sourceTree = "<group>";
		};
		6649F08D273034DB0012808A /* Authorization */ = {
			isa = PBXGroup;
			children = (
				667713E3272AA8A700740BE9 /* Welcome.swift */,
				667713EC272AAB2E00740BE9 /* Login.swift */,
				667713EA272AAAEA00740BE9 /* Register.swift */,
				66BF4210272C524D000F63F5 /* SideLoginView.swift */,
			);
			path = Authorization;
			sourceTree = "<group>";
		};
		665C89672733095500E15609 /* Frameworks */ = {
			isa = PBXGroup;
			children = (
			);
			name = Frameworks;
			sourceTree = "<group>";
		};
		665C896A27330B7300E15609 /* Navigation */ = {
			isa = PBXGroup;
			children = (
				66868151273FEC0700EF572C /* Primary */,
				66868152273FEC1200EF572C /* Supplementary */,
				66868153273FEC3F00EF572C /* Secondary */,
			);
			path = Navigation;
			sourceTree = "<group>";
		};
		667713DE272AA78700740BE9 /* ViewModel */ = {
			isa = PBXGroup;
			children = (
				667713E1272AA88D00740BE9 /* LoginViewModel.swift */,
				668681572740035800EF572C /* FormRowLinkView.swift */,
				6686815A274003A200EF572C /* FormRowStaticView.swift */,
				66FBF1822743BA3600B4D23B /* OrdersCartViewModel.swift */,
				66FBF18E2743C28600B4D23B /* MenuListViewModel.swift */,
				66FBF1922743C2CC00B4D23B /* MenuViewModel.swift */,
			);
			path = ViewModel;
			sourceTree = "<group>";
		};
		667713DF272AA7A500740BE9 /* View */ = {
			isa = PBXGroup;
			children = (
				662D362A272AA3C6000C6E9F /* ContentView.swift */,
				6682852727415F5A0097D634 /* DashboardView.swift */,
				66868149273FE22D00EF572C /* Devices */,
				665C896A27330B7300E15609 /* Navigation */,
				6649F08D273034DB0012808A /* Authorization */,
				667713E5272AAA7300740BE9 /* Modifier */,
				6649F089273034970012808A /* Utilities */,
			);
			path = View;
			sourceTree = "<group>";
		};
		667713E5272AAA7300740BE9 /* Modifier */ = {
			isa = PBXGroup;
			children = (
				667713E8272AAAB300740BE9 /* LoginViewModifier.swift */,
				66442557273E5E1F009202D3 /* CopyrightModifier.swift */,
			);
			path = Modifier;
			sourceTree = "<group>";
		};
		66868149273FE22D00EF572C /* Devices */ = {
			isa = PBXGroup;
			children = (
				6686814A273FE27700EF572C /* PhoneView.swift */,
				6686814C273FE28C00EF572C /* PadView.swift */,
				66FBF17C2743A47D00B4D23B /* MacView.swift */,
			);
			path = Devices;
			sourceTree = "<group>";
		};
		66868151273FEC0700EF572C /* Primary */ = {
			isa = PBXGroup;
			children = (
				66868154273FF94400EF572C /* SettingsView.swift */,
				6637A8CF27427D3400447D94 /* ProfileInfo.swift */,
				66828530274160040097D634 /* iOSMenuView.swift */,
			);
			path = Primary;
			sourceTree = "<group>";
		};
		66868152273FEC1200EF572C /* Supplementary */ = {
			isa = PBXGroup;
			children = (
				6682852A27415FBE0097D634 /* CartView.swift */,
				66FBF1802743BA1500B4D23B /* ItemsView.swift */,
			);
			path = Supplementary;
			sourceTree = "<group>";
		};
		66868153273FEC3F00EF572C /* Secondary */ = {
			isa = PBXGroup;
			children = (
				66FBF1942743C2F100B4D23B /* MenuListView.swift */,
				66FBF1962743C37500B4D23B /* MenuView.swift */,
				66FBF1982743C38600B4D23B /* FormView.swift */,
			);
			path = Secondary;
			sourceTree = "<group>";
		};
		6686815D274003B300EF572C /* Model */ = {
			isa = PBXGroup;
			children = (
				66FBF1852743BA8500B4D23B /* OrdersItem.swift */,
				66FBF1902743C2AD00B4D23B /* Menu.swift */,
			);
			path = Model;
			sourceTree = "<group>";
		};
		66FBF18B2743C1A200B4D23B /* Repository */ = {
			isa = PBXGroup;
			children = (
				66FBF18C2743C1BE00B4D23B /* MenuRepository.swift */,
			);
			path = Repository;
			sourceTree = "<group>";
		};
/* End PBXGroup section */

/* Begin PBXNativeTarget section */
		662D362F272AA3F9000C6E9F /* LoginIOSMac (iOS) */ = {
			isa = PBXNativeTarget;
			buildConfigurationList = 662D3641272AA3F9000C6E9F /* Build configuration list for PBXNativeTarget "LoginIOSMac (iOS)" */;
			buildPhases = (
				662D362C272AA3F9000C6E9F /* Sources */,
				662D362D272AA3F9000C6E9F /* Frameworks */,
				662D362E272AA3F9000C6E9F /* Resources */,
			);
			buildRules = (
			);
			dependencies = (
			);
			name = "LoginIOSMac (iOS)";
			packageProductDependencies = (
				66DAA5C12737E67B006F6728 /* FirebaseAuth */,
				6637A8D92742B03500447D94 /* FirebaseStorage */,
				66FBF1872743C10000B4D23B /* FirebaseFirestore */,
				66FBF1892743C10F00B4D23B /* FirebaseFirestoreSwift-Beta */,
			);
			productName = "LoginIOSMac (iOS)";
			productReference = 662D3630272AA3F9000C6E9F /* LoginIOSMac.app */;
			productType = "com.apple.product-type.application";
		};
		662D3635272AA3F9000C6E9F /* LoginIOSMac (macOS) */ = {
			isa = PBXNativeTarget;
			buildConfigurationList = 662D3644272AA3F9000C6E9F /* Build configuration list for PBXNativeTarget "LoginIOSMac (macOS)" */;
			buildPhases = (
				662D3632272AA3F9000C6E9F /* Sources */,
				662D3633272AA3F9000C6E9F /* Frameworks */,
				662D3634272AA3F9000C6E9F /* Resources */,
			);
			buildRules = (
			);
			dependencies = (
			);
			name = "LoginIOSMac (macOS)";
			packageProductDependencies = (
				66DAA5C92737F211006F6728 /* FirebaseAuth */,
				6637A8DB2742B03E00447D94 /* FirebaseStorage */,
			);
			productName = "LoginIOSMac (macOS)";
			productReference = 662D3636272AA3F9000C6E9F /* LoginIOSMac.app */;
			productType = "com.apple.product-type.application";
		};
/* End PBXNativeTarget section */

/* Begin PBXProject section */
		662D3624272AA3C1000C6E9F /* Project object */ = {
			isa = PBXProject;
			attributes = {
				BuildIndependentTargetsInParallel = 1;
				LastSwiftUpdateCheck = 1300;
				LastUpgradeCheck = 1300;
				TargetAttributes = {
					662D362F272AA3F9000C6E9F = {
						CreatedOnToolsVersion = 13.0;
					};
					662D3635272AA3F9000C6E9F = {
						CreatedOnToolsVersion = 13.0;
					};
				};
			};
			buildConfigurationList = 662D3627272AA3C1000C6E9F /* Build configuration list for PBXProject "LoginIOSMac" */;
			compatibilityVersion = "Xcode 13.0";
			developmentRegion = en;
			hasScannedForEncodings = 0;
			knownRegions = (
				en,
				Base,
			);
			mainGroup = 662D3623272AA3C1000C6E9F;
			packageReferences = (
				66DAA5C02737E67B006F6728 /* XCRemoteSwiftPackageReference "firebase-ios-sdk" */,
			);
			productRefGroup = 662D3631272AA3F9000C6E9F /* Products */;
			projectDirPath = "";
			projectRoot = "";
			targets = (
				662D362F272AA3F9000C6E9F /* LoginIOSMac (iOS) */,
				662D3635272AA3F9000C6E9F /* LoginIOSMac (macOS) */,
			);
		};
/* End PBXProject section */

/* Begin PBXResourcesBuildPhase section */
		662D362E272AA3F9000C6E9F /* Resources */ = {
			isa = PBXResourcesBuildPhase;
			buildActionMask = 2147483647;
			files = (
				662D363D272AA3F9000C6E9F /* Assets.xcassets in Resources */,
				66DAA5C72737E9AE006F6728 /* GoogleService-Info.plist in Resources */,
			);
			runOnlyForDeploymentPostprocessing = 0;
		};
		662D3634272AA3F9000C6E9F /* Resources */ = {
			isa = PBXResourcesBuildPhase;
			buildActionMask = 2147483647;
			files = (
				662D363E272AA3F9000C6E9F /* Assets.xcassets in Resources */,
				66DAA5C82737E9AE006F6728 /* GoogleService-Info.plist in Resources */,
			);
			runOnlyForDeploymentPostprocessing = 0;
		};
/* End PBXResourcesBuildPhase section */

/* Begin PBXSourcesBuildPhase section */
		662D362C272AA3F9000C6E9F /* Sources */ = {
			isa = PBXSourcesBuildPhase;
			buildActionMask = 2147483647;
			files = (
				66FBF18F2743C28600B4D23B /* MenuListViewModel.swift in Sources */,
				66FBF1952743C2F100B4D23B /* MenuListView.swift in Sources */,
				662D363B272AA3F9000C6E9F /* ContentView.swift in Sources */,
				66FBF1862743BA8500B4D23B /* OrdersItem.swift in Sources */,
				66FBF18D2743C1BE00B4D23B /* MenuRepository.swift in Sources */,
				66FBF1992743C38600B4D23B /* FormView.swift in Sources */,
				6682852827415F5A0097D634 /* DashboardView.swift in Sources */,
				6682852B27415FBE0097D634 /* CartView.swift in Sources */,
				66FBF1912743C2AD00B4D23B /* Menu.swift in Sources */,
				6637A8D72742A61700447D94 /* ImagePicker.swift in Sources */,
				66828531274160040097D634 /* iOSMenuView.swift in Sources */,
				6686815B274003A200EF572C /* FormRowStaticView.swift in Sources */,
				6637A8D027427D3400447D94 /* ProfileInfo.swift in Sources */,
				667713E9272AAAB300740BE9 /* LoginViewModifier.swift in Sources */,
				6686814D273FE28C00EF572C /* PadView.swift in Sources */,
				662D3639272AA3F9000C6E9F /* LoginIOSMacApp.swift in Sources */,
				66FBF1832743BA3600B4D23B /* OrdersCartViewModel.swift in Sources */,
				66FBF1932743C2CC00B4D23B /* MenuViewModel.swift in Sources */,
				66BF4211272C524D000F63F5 /* SideLoginView.swift in Sources */,
				668681582740035800EF572C /* FormRowLinkView.swift in Sources */,
				667713E4272AA8A700740BE9 /* Welcome.swift in Sources */,
				66FBF19B2743D7BB00B4D23B /* NFC.swift in Sources */,
				667713EB272AAAEA00740BE9 /* Register.swift in Sources */,
				66868155273FF94400EF572C /* SettingsView.swift in Sources */,
				6686814B273FE27700EF572C /* PhoneView.swift in Sources */,
				665C8965273308B500E15609 /* LoadingView.swift in Sources */,
				667713E2272AA88D00740BE9 /* LoginViewModel.swift in Sources */,
				66FBF1972743C37500B4D23B /* MenuView.swift in Sources */,
				667713ED272AAB2E00740BE9 /* Login.swift in Sources */,
				66442558273E5E1F009202D3 /* CopyrightModifier.swift in Sources */,
				66FBF1842743BA3B00B4D23B /* ItemsView.swift in Sources */,
			);
			runOnlyForDeploymentPostprocessing = 0;
		};
		662D3632272AA3F9000C6E9F /* Sources */ = {
			isa = PBXSourcesBuildPhase;
			buildActionMask = 2147483647;
			files = (
				66BF420B272C3505000F63F5 /* LoginViewModifier.swift in Sources */,
				66FBF17E2743A72200B4D23B /* ContentView.swift in Sources */,
				66BF420A272C3503000F63F5 /* Register.swift in Sources */,
				66BF4212272C524D000F63F5 /* SideLoginView.swift in Sources */,
				66FBF17D2743A47D00B4D23B /* MacView.swift in Sources */,
				66BF4209272C3501000F63F5 /* Login.swift in Sources */,
				66FBF17F2743AFE400B4D23B /* DashboardView.swift in Sources */,
				662D363A272AA3F9000C6E9F /* LoginIOSMacApp.swift in Sources */,
				665C8966273308B500E15609 /* LoadingView.swift in Sources */,
				66BF4208272C34FE000F63F5 /* Welcome.swift in Sources */,
				66BF4207272C34F0000F63F5 /* LoginViewModel.swift in Sources */,
			);
			runOnlyForDeploymentPostprocessing = 0;
		};
/* End PBXSourcesBuildPhase section */

/* Begin XCBuildConfiguration section */
		662D363F272AA3F9000C6E9F /* Debug */ = {
			isa = XCBuildConfiguration;
			buildSettings = {
				ALWAYS_SEARCH_USER_PATHS = NO;
				CLANG_ANALYZER_NONNULL = YES;
				CLANG_ANALYZER_NUMBER_OBJECT_CONVERSION = YES_AGGRESSIVE;
				CLANG_CXX_LANGUAGE_STANDARD = "gnu++17";
				CLANG_CXX_LIBRARY = "libc++";
				CLANG_ENABLE_MODULES = YES;
				CLANG_ENABLE_OBJC_ARC = YES;
				CLANG_ENABLE_OBJC_WEAK = YES;
				CLANG_WARN_BLOCK_CAPTURE_AUTORELEASING = YES;
				CLANG_WARN_BOOL_CONVERSION = YES;
				CLANG_WARN_COMMA = YES;
				CLANG_WARN_CONSTANT_CONVERSION = YES;
				CLANG_WARN_DEPRECATED_OBJC_IMPLEMENTATIONS = YES;
				CLANG_WARN_DIRECT_OBJC_ISA_USAGE = YES_ERROR;
				CLANG_WARN_DOCUMENTATION_COMMENTS = YES;
				CLANG_WARN_EMPTY_BODY = YES;
				CLANG_WARN_ENUM_CONVERSION = YES;
				CLANG_WARN_INFINITE_RECURSION = YES;
				CLANG_WARN_INT_CONVERSION = YES;
				CLANG_WARN_NON_LITERAL_NULL_CONVERSION = YES;
				CLANG_WARN_OBJC_IMPLICIT_RETAIN_SELF = YES;
				CLANG_WARN_OBJC_LITERAL_CONVERSION = YES;
				CLANG_WARN_OBJC_ROOT_CLASS = YES_ERROR;
				CLANG_WARN_QUOTED_INCLUDE_IN_FRAMEWORK_HEADER = YES;
				CLANG_WARN_RANGE_LOOP_ANALYSIS = YES;
				CLANG_WARN_STRICT_PROTOTYPES = YES;
				CLANG_WARN_SUSPICIOUS_MOVE = YES;
				CLANG_WARN_UNGUARDED_AVAILABILITY = YES_AGGRESSIVE;
				CLANG_WARN_UNREACHABLE_CODE = YES;
				CLANG_WARN__DUPLICATE_METHOD_MATCH = YES;
				COPY_PHASE_STRIP = NO;
				DEBUG_INFORMATION_FORMAT = dwarf;
				ENABLE_STRICT_OBJC_MSGSEND = YES;
				ENABLE_TESTABILITY = YES;
				GCC_C_LANGUAGE_STANDARD = gnu11;
				GCC_DYNAMIC_NO_PIC = NO;
				GCC_NO_COMMON_BLOCKS = YES;
				GCC_OPTIMIZATION_LEVEL = 0;
				GCC_PREPROCESSOR_DEFINITIONS = (
					"DEBUG=1",
					"$(inherited)",
				);
				GCC_WARN_64_TO_32_BIT_CONVERSION = YES;
				GCC_WARN_ABOUT_RETURN_TYPE = YES_ERROR;
				GCC_WARN_UNDECLARED_SELECTOR = YES;
				GCC_WARN_UNINITIALIZED_AUTOS = YES_AGGRESSIVE;
				GCC_WARN_UNUSED_FUNCTION = YES;
				GCC_WARN_UNUSED_VARIABLE = YES;
				IPHONEOS_DEPLOYMENT_TARGET = 15.0;
				MACOSX_DEPLOYMENT_TARGET = 11.0;
				MTL_ENABLE_DEBUG_INFO = INCLUDE_SOURCE;
				MTL_FAST_MATH = YES;
				ONLY_ACTIVE_ARCH = YES;
				SWIFT_ACTIVE_COMPILATION_CONDITIONS = DEBUG;
				SWIFT_OPTIMIZATION_LEVEL = "-Onone";
			};
			name = Debug;
		};
		662D3640272AA3F9000C6E9F /* Release */ = {
			isa = XCBuildConfiguration;
			buildSettings = {
				ALWAYS_SEARCH_USER_PATHS = NO;
				CLANG_ANALYZER_NONNULL = YES;
				CLANG_ANALYZER_NUMBER_OBJECT_CONVERSION = YES_AGGRESSIVE;
				CLANG_CXX_LANGUAGE_STANDARD = "gnu++17";
				CLANG_CXX_LIBRARY = "libc++";
				CLANG_ENABLE_MODULES = YES;
				CLANG_ENABLE_OBJC_ARC = YES;
				CLANG_ENABLE_OBJC_WEAK = YES;
				CLANG_WARN_BLOCK_CAPTURE_AUTORELEASING = YES;
				CLANG_WARN_BOOL_CONVERSION = YES;
				CLANG_WARN_COMMA = YES;
				CLANG_WARN_CONSTANT_CONVERSION = YES;
				CLANG_WARN_DEPRECATED_OBJC_IMPLEMENTATIONS = YES;
				CLANG_WARN_DIRECT_OBJC_ISA_USAGE = YES_ERROR;
				CLANG_WARN_DOCUMENTATION_COMMENTS = YES;
				CLANG_WARN_EMPTY_BODY = YES;
				CLANG_WARN_ENUM_CONVERSION = YES;
				CLANG_WARN_INFINITE_RECURSION = YES;
				CLANG_WARN_INT_CONVERSION = YES;
				CLANG_WARN_NON_LITERAL_NULL_CONVERSION = YES;
				CLANG_WARN_OBJC_IMPLICIT_RETAIN_SELF = YES;
				CLANG_WARN_OBJC_LITERAL_CONVERSION = YES;
				CLANG_WARN_OBJC_ROOT_CLASS = YES_ERROR;
				CLANG_WARN_QUOTED_INCLUDE_IN_FRAMEWORK_HEADER = YES;
				CLANG_WARN_RANGE_LOOP_ANALYSIS = YES;
				CLANG_WARN_STRICT_PROTOTYPES = YES;
				CLANG_WARN_SUSPICIOUS_MOVE = YES;
				CLANG_WARN_UNGUARDED_AVAILABILITY = YES_AGGRESSIVE;
				CLANG_WARN_UNREACHABLE_CODE = YES;
				CLANG_WARN__DUPLICATE_METHOD_MATCH = YES;
				COPY_PHASE_STRIP = NO;
				DEBUG_INFORMATION_FORMAT = "dwarf-with-dsym";
				ENABLE_NS_ASSERTIONS = NO;
				ENABLE_STRICT_OBJC_MSGSEND = YES;
				GCC_C_LANGUAGE_STANDARD = gnu11;
				GCC_NO_COMMON_BLOCKS = YES;
				GCC_WARN_64_TO_32_BIT_CONVERSION = YES;
				GCC_WARN_ABOUT_RETURN_TYPE = YES_ERROR;
				GCC_WARN_UNDECLARED_SELECTOR = YES;
				GCC_WARN_UNINITIALIZED_AUTOS = YES_AGGRESSIVE;
				GCC_WARN_UNUSED_FUNCTION = YES;
				GCC_WARN_UNUSED_VARIABLE = YES;
				IPHONEOS_DEPLOYMENT_TARGET = 15.0;
				MACOSX_DEPLOYMENT_TARGET = 11.0;
				MTL_ENABLE_DEBUG_INFO = NO;
				MTL_FAST_MATH = YES;
				SWIFT_COMPILATION_MODE = wholemodule;
				SWIFT_OPTIMIZATION_LEVEL = "-O";
			};
			name = Release;
		};
		662D3642272AA3F9000C6E9F /* Debug */ = {
			isa = XCBuildConfiguration;
			buildSettings = {
				ASSETCATALOG_COMPILER_APPICON_NAME = AppIcon;
				ASSETCATALOG_COMPILER_GLOBAL_ACCENT_COLOR_NAME = AccentColor;
				CODE_SIGN_ENTITLEMENTS = "LoginIOSMac (iOS).entitlements";
				CODE_SIGN_STYLE = Automatic;
				CURRENT_PROJECT_VERSION = 1;
				DEVELOPMENT_TEAM = MW2YXY2465;
				ENABLE_PREVIEWS = YES;
				GENERATE_INFOPLIST_FILE = YES;
				INFOPLIST_KEY_NFCReaderUsageDescription = "Rentel NFC App";
				INFOPLIST_KEY_UIApplicationSceneManifest_Generation = YES;
				INFOPLIST_KEY_UIApplicationSupportsIndirectInputEvents = YES;
				INFOPLIST_KEY_UILaunchScreen_Generation = YES;
				INFOPLIST_KEY_UIRequiresFullScreen = YES;
				INFOPLIST_KEY_UISupportedInterfaceOrientations_iPad = "UIInterfaceOrientationLandscapeLeft UIInterfaceOrientationLandscapeRight";
				INFOPLIST_KEY_UISupportedInterfaceOrientations_iPhone = UIInterfaceOrientationPortrait;
				IPHONEOS_DEPLOYMENT_TARGET = 15.0;
				LD_RUNPATH_SEARCH_PATHS = (
					"$(inherited)",
					"@executable_path/Frameworks",
				);
				MARKETING_VERSION = 1.0;
				PRODUCT_BUNDLE_IDENTIFIER = com.rentel.RentelReader.LoginIOSMac;
				PRODUCT_NAME = LoginIOSMac;
				SDKROOT = iphoneos;
				SWIFT_EMIT_LOC_STRINGS = YES;
				SWIFT_VERSION = 5.0;
				TARGETED_DEVICE_FAMILY = "1,2";
			};
			name = Debug;
		};
		662D3643272AA3F9000C6E9F /* Release */ = {
			isa = XCBuildConfiguration;
			buildSettings = {
				ASSETCATALOG_COMPILER_APPICON_NAME = AppIcon;
				ASSETCATALOG_COMPILER_GLOBAL_ACCENT_COLOR_NAME = AccentColor;
				CODE_SIGN_ENTITLEMENTS = "LoginIOSMac (iOS).entitlements";
				CODE_SIGN_STYLE = Automatic;
				CURRENT_PROJECT_VERSION = 1;
				DEVELOPMENT_TEAM = MW2YXY2465;
				ENABLE_PREVIEWS = YES;
				GENERATE_INFOPLIST_FILE = YES;
				INFOPLIST_KEY_NFCReaderUsageDescription = "Rentel NFC App";
				INFOPLIST_KEY_UIApplicationSceneManifest_Generation = YES;
				INFOPLIST_KEY_UIApplicationSupportsIndirectInputEvents = YES;
				INFOPLIST_KEY_UILaunchScreen_Generation = YES;
				INFOPLIST_KEY_UIRequiresFullScreen = YES;
				INFOPLIST_KEY_UISupportedInterfaceOrientations_iPad = "UIInterfaceOrientationLandscapeLeft UIInterfaceOrientationLandscapeRight";
				INFOPLIST_KEY_UISupportedInterfaceOrientations_iPhone = UIInterfaceOrientationPortrait;
				IPHONEOS_DEPLOYMENT_TARGET = 15.0;
				LD_RUNPATH_SEARCH_PATHS = (
					"$(inherited)",
					"@executable_path/Frameworks",
				);
				MARKETING_VERSION = 1.0;
				PRODUCT_BUNDLE_IDENTIFIER = com.rentel.RentelReader.LoginIOSMac;
				PRODUCT_NAME = LoginIOSMac;
				SDKROOT = iphoneos;
				SWIFT_EMIT_LOC_STRINGS = YES;
				SWIFT_VERSION = 5.0;
				TARGETED_DEVICE_FAMILY = "1,2";
				VALIDATE_PRODUCT = YES;
			};
			name = Release;
		};
		662D3645272AA3F9000C6E9F /* Debug */ = {
			isa = XCBuildConfiguration;
			buildSettings = {
				ASSETCATALOG_COMPILER_APPICON_NAME = AppIcon;
				ASSETCATALOG_COMPILER_GLOBAL_ACCENT_COLOR_NAME = AccentColor;
				CODE_SIGN_ENTITLEMENTS = macOS/macOS.entitlements;
				CODE_SIGN_STYLE = Automatic;
				COMBINE_HIDPI_IMAGES = YES;
				CURRENT_PROJECT_VERSION = 1;
				DEVELOPMENT_TEAM = MW2YXY2465;
				ENABLE_HARDENED_RUNTIME = YES;
				ENABLE_PREVIEWS = YES;
				GENERATE_INFOPLIST_FILE = YES;
				INFOPLIST_KEY_NSHumanReadableCopyright = "";
				LD_RUNPATH_SEARCH_PATHS = (
					"$(inherited)",
					"@executable_path/../Frameworks",
				);
				MACOSX_DEPLOYMENT_TARGET = 11.0;
				MARKETING_VERSION = 1.0;
				PRODUCT_BUNDLE_IDENTIFIER = com.rentel.RentelReader.LoginIOSMac;
				PRODUCT_NAME = LoginIOSMac;
				SDKROOT = macosx;
				SWIFT_EMIT_LOC_STRINGS = YES;
				SWIFT_VERSION = 5.0;
			};
			name = Debug;
		};
		662D3646272AA3F9000C6E9F /* Release */ = {
			isa = XCBuildConfiguration;
			buildSettings = {
				ASSETCATALOG_COMPILER_APPICON_NAME = AppIcon;
				ASSETCATALOG_COMPILER_GLOBAL_ACCENT_COLOR_NAME = AccentColor;
				CODE_SIGN_ENTITLEMENTS = macOS/macOS.entitlements;
				CODE_SIGN_STYLE = Automatic;
				COMBINE_HIDPI_IMAGES = YES;
				CURRENT_PROJECT_VERSION = 1;
				DEVELOPMENT_TEAM = MW2YXY2465;
				ENABLE_HARDENED_RUNTIME = YES;
				ENABLE_PREVIEWS = YES;
				GENERATE_INFOPLIST_FILE = YES;
				INFOPLIST_KEY_NSHumanReadableCopyright = "";
				LD_RUNPATH_SEARCH_PATHS = (
					"$(inherited)",
					"@executable_path/../Frameworks",
				);
				MACOSX_DEPLOYMENT_TARGET = 11.0;
				MARKETING_VERSION = 1.0;
				PRODUCT_BUNDLE_IDENTIFIER = com.rentel.RentelReader.LoginIOSMac;
				PRODUCT_NAME = LoginIOSMac;
				SDKROOT = macosx;
				SWIFT_EMIT_LOC_STRINGS = YES;
				SWIFT_VERSION = 5.0;
			};
			name = Release;
		};
/* End XCBuildConfiguration section */

/* Begin XCConfigurationList section */
		662D3627272AA3C1000C6E9F /* Build configuration list for PBXProject "LoginIOSMac" */ = {
			isa = XCConfigurationList;
			buildConfigurations = (
				662D363F272AA3F9000C6E9F /* Debug */,
				662D3640272AA3F9000C6E9F /* Release */,
			);
			defaultConfigurationIsVisible = 0;
			defaultConfigurationName = Release;
		};
		662D3641272AA3F9000C6E9F /* Build configuration list for PBXNativeTarget "LoginIOSMac (iOS)" */ = {
			isa = XCConfigurationList;
			buildConfigurations = (
				662D3642272AA3F9000C6E9F /* Debug */,
				662D3643272AA3F9000C6E9F /* Release */,
			);
			defaultConfigurationIsVisible = 0;
			defaultConfigurationName = Release;
		};
		662D3644272AA3F9000C6E9F /* Build configuration list for PBXNativeTarget "LoginIOSMac (macOS)" */ = {
			isa = XCConfigurationList;
			buildConfigurations = (
				662D3645272AA3F9000C6E9F /* Debug */,
				662D3646272AA3F9000C6E9F /* Release */,
			);
			defaultConfigurationIsVisible = 0;
			defaultConfigurationName = Release;
		};
/* End XCConfigurationList section */

/* Begin XCRemoteSwiftPackageReference section */
		66DAA5C02737E67B006F6728 /* XCRemoteSwiftPackageReference "firebase-ios-sdk" */ = {
			isa = XCRemoteSwiftPackageReference;
			repositoryURL = "https://github.com/firebase/firebase-ios-sdk";
			requirement = {
				branch = master;
				kind = branch;
			};
		};
/* End XCRemoteSwiftPackageReference section */

/* Begin XCSwiftPackageProductDependency section */
		6637A8D92742B03500447D94 /* FirebaseStorage */ = {
			isa = XCSwiftPackageProductDependency;
			package = 66DAA5C02737E67B006F6728 /* XCRemoteSwiftPackageReference "firebase-ios-sdk" */;
			productName = FirebaseStorage;
		};
		6637A8DB2742B03E00447D94 /* FirebaseStorage */ = {
			isa = XCSwiftPackageProductDependency;
			package = 66DAA5C02737E67B006F6728 /* XCRemoteSwiftPackageReference "firebase-ios-sdk" */;
			productName = FirebaseStorage;
		};
		66DAA5C12737E67B006F6728 /* FirebaseAuth */ = {
			isa = XCSwiftPackageProductDependency;
			package = 66DAA5C02737E67B006F6728 /* XCRemoteSwiftPackageReference "firebase-ios-sdk" */;
			productName = FirebaseAuth;
		};
		66DAA5C92737F211006F6728 /* FirebaseAuth */ = {
			isa = XCSwiftPackageProductDependency;
			package = 66DAA5C02737E67B006F6728 /* XCRemoteSwiftPackageReference "firebase-ios-sdk" */;
			productName = FirebaseAuth;
		};
		66FBF1872743C10000B4D23B /* FirebaseFirestore */ = {
			isa = XCSwiftPackageProductDependency;
			package = 66DAA5C02737E67B006F6728 /* XCRemoteSwiftPackageReference "firebase-ios-sdk" */;
			productName = FirebaseFirestore;
		};
		66FBF1892743C10F00B4D23B /* FirebaseFirestoreSwift-Beta */ = {
			isa = XCSwiftPackageProductDependency;
			package = 66DAA5C02737E67B006F6728 /* XCRemoteSwiftPackageReference "firebase-ios-sdk" */;
			productName = "FirebaseFirestoreSwift-Beta";
		};
/* End XCSwiftPackageProductDependency section */
	};
	rootObject = 662D3624272AA3C1000C6E9F /* Project object */;
}
